
Microsoft Visual Studio Solution File, Format Version 12.00
# Visual Studio Express 2012 for Web
Project("{FAE04EC0-301F-11D3-BF4B-00C04F79EFBC}") = "Obligaciones.Data", "Obligaciones.Data\Obligaciones.Data.csproj", "{5FF9CE5D-B9B6-4579-BC89-714EAA06FA41}"
EndProject
Project("{FAE04EC0-301F-11D3-BF4B-00C04F79EFBC}") = "Obligaciones.Tests", "Obligaciones.Tests\Obligaciones.Tests.csproj", "{A12D15A6-849D-490C-9846-DB0F3536D3D9}"
EndProject
Global
	GlobalSection(SolutionConfigurationPlatforms) = preSolution
		Debug|Any CPU = Debug|Any CPU
		Release|Any CPU = Release|Any CPU
	EndGlobalSection
	GlobalSection(ProjectConfigurationPlatforms) = postSolution
		{5FF9CE5D-B9B6-4579-BC89-714EAA06FA41}.Debug|Any CPU.ActiveCfg = Debug|Any CPU
		{5FF9CE5D-B9B6-4579-BC89-714EAA06FA41}.Debug|Any CPU.Build.0 = Debug|Any CPU
		{5FF9CE5D-B9B6-4579-BC89-714EAA06FA41}.Release|Any CPU.ActiveCfg = Release|Any CPU
		{5FF9CE5D-B9B6-4579-BC89-714EAA06FA41}.Release|Any CPU.Build.0 = Release|Any CPU
		{A12D15A6-849D-490C-9846-DB0F3536D3D9}.Debug|Any CPU.ActiveCfg = Debug|Any CPU
		{A12D15A6-849D-490C-9846-DB0F3536D3D9}.Debug|Any CPU.Build.0 = Debug|Any CPU
		{A12D15A6-849D-490C-9846-DB0F3536D3D9}.Release|Any CPU.ActiveCfg = Release|Any CPU
		{A12D15A6-849D-490C-9846-DB0F3536D3D9}.Release|Any CPU.Build.0 = Release|Any CPU
	EndGlobalSection
	GlobalSection(SolutionProperties) = preSolution
		HideSolutionNode = FALSE
	EndGlobalSection
EndGlobal
